// !$*UTF8*$!
{
	archiveVersion = 1;
	classes = {
	};
	objectVersion = 50;
	objects = {

/* Begin PBXBuildFile section */
		DADC832522C1DF6B006F9284 /* AppDelegate.swift in Sources */ = {isa = PBXBuildFile; fileRef = DADC832422C1DF6B006F9284 /* AppDelegate.swift */; };
		DADC832722C1DF6B006F9284 /* ViewController.swift in Sources */ = {isa = PBXBuildFile; fileRef = DADC832622C1DF6B006F9284 /* ViewController.swift */; };
		DADC832A22C1DF6C006F9284 /* Main.storyboard in Resources */ = {isa = PBXBuildFile; fileRef = DADC832822C1DF6C006F9284 /* Main.storyboard */; };
		DADC832C22C1DF6C006F9284 /* Assets.xcassets in Resources */ = {isa = PBXBuildFile; fileRef = DADC832B22C1DF6C006F9284 /* Assets.xcassets */; };
		DADC832F22C1DF6C006F9284 /* LaunchScreen.storyboard in Resources */ = {isa = PBXBuildFile; fileRef = DADC832D22C1DF6C006F9284 /* LaunchScreen.storyboard */; };
		DADC833A22C1DF6D006F9284 /* RockPaperScissorsTests.swift in Sources */ = {isa = PBXBuildFile; fileRef = DADC833922C1DF6D006F9284 /* RockPaperScissorsTests.swift */; };
		DADC834522C1DF6D006F9284 /* RockPaperScissorsUITests.swift in Sources */ = {isa = PBXBuildFile; fileRef = DADC834422C1DF6D006F9284 /* RockPaperScissorsUITests.swift */; };
/* End PBXBuildFile section */

/* Begin PBXContainerItemProxy section */
		DADC833622C1DF6D006F9284 /* PBXContainerItemProxy */ = {
			isa = PBXContainerItemProxy;
			containerPortal = DADC831922C1DF6B006F9284 /* Project object */;
			proxyType = 1;
			remoteGlobalIDString = DADC832022C1DF6B006F9284;
			remoteInfo = RockPaperScissors;
		};
		DADC834122C1DF6D006F9284 /* PBXContainerItemProxy */ = {
			isa = PBXContainerItemProxy;
			containerPortal = DADC831922C1DF6B006F9284 /* Project object */;
			proxyType = 1;
			remoteGlobalIDString = DADC832022C1DF6B006F9284;
			remoteInfo = RockPaperScissors;
		};
/* End PBXContainerItemProxy section */

/* Begin PBXFileReference section */
		DADC832122C1DF6B006F9284 /* RockPaperScissors.app */ = {isa = PBXFileReference; explicitFileType = wrapper.application; includeInIndex = 0; path = RockPaperScissors.app; sourceTree = BUILT_PRODUCTS_DIR; };
		DADC832422C1DF6B006F9284 /* AppDelegate.swift */ = {isa = PBXFileReference; lastKnownFileType = sourcecode.swift; path = AppDelegate.swift; sourceTree = "<group>"; };
		DADC832622C1DF6B006F9284 /* ViewController.swift */ = {isa = PBXFileReference; lastKnownFileType = sourcecode.swift; path = ViewController.swift; sourceTree = "<group>"; };
		DADC832922C1DF6C006F9284 /* Base */ = {isa = PBXFileReference; lastKnownFileType = file.storyboard; name = Base; path = Base.lproj/Main.storyboard; sourceTree = "<group>"; };
		DADC832B22C1DF6C006F9284 /* Assets.xcassets */ = {isa = PBXFileReference; lastKnownFileType = folder.assetcatalog; path = Assets.xcassets; sourceTree = "<group>"; };
		DADC832E22C1DF6C006F9284 /* Base */ = {isa = PBXFileReference; lastKnownFileType = file.storyboard; name = Base; path = Base.lproj/LaunchScreen.storyboard; sourceTree = "<group>"; };
		DADC833022C1DF6C006F9284 /* Info.plist */ = {isa = PBXFileReference; lastKnownFileType = text.plist.xml; path = Info.plist; sourceTree = "<group>"; };
		DADC833522C1DF6D006F9284 /* RockPaperScissorsTests.xctest */ = {isa = PBXFileReference; explicitFileType = wrapper.cfbundle; includeInIndex = 0; path = RockPaperScissorsTests.xctest; sourceTree = BUILT_PRODUCTS_DIR; };
		DADC833922C1DF6D006F9284 /* RockPaperScissorsTests.swift */ = {isa = PBXFileReference; lastKnownFileType = sourcecode.swift; path = RockPaperScissorsTests.swift; sourceTree = "<group>"; };
		DADC833B22C1DF6D006F9284 /* Info.plist */ = {isa = PBXFileReference; lastKnownFileType = text.plist.xml; path = Info.plist; sourceTree = "<group>"; };
		DADC834022C1DF6D006F9284 /* RockPaperScissorsUITests.xctest */ = {isa = PBXFileReference; explicitFileType = wrapper.cfbundle; includeInIndex = 0; path = RockPaperScissorsUITests.xctest; sourceTree = BUILT_PRODUCTS_DIR; };
		DADC834422C1DF6D006F9284 /* RockPaperScissorsUITests.swift */ = {isa = PBXFileReference; lastKnownFileType = sourcecode.swift; path = RockPaperScissorsUITests.swift; sourceTree = "<group>"; };
		DADC834622C1DF6D006F9284 /* Info.plist */ = {isa = PBXFileReference; lastKnownFileType = text.plist.xml; path = Info.plist; sourceTree = "<group>"; };
/* End PBXFileReference section */

/* Begin PBXFrameworksBuildPhase section */
		DADC831E22C1DF6B006F9284 /* Frameworks */ = {
			isa = PBXFrameworksBuildPhase;
			buildActionMask = 2147483647;
			files = (
			);
			runOnlyForDeploymentPostprocessing = 0;
		};
		DADC833222C1DF6D006F9284 /* Frameworks */ = {
			isa = PBXFrameworksBuildPhase;
			buildActionMask = 2147483647;
			files = (
			);
			runOnlyForDeploymentPostprocessing = 0;
		};
		DADC833D22C1DF6D006F9284 /* Frameworks */ = {
			isa = PBXFrameworksBuildPhase;
			buildActionMask = 2147483647;
			files = (
			);
			runOnlyForDeploymentPostprocessing = 0;
		};
/* End PBXFrameworksBuildPhase section */

/* Begin PBXGroup section */
		DADC831822C1DF6B006F9284 = {
			isa = PBXGroup;
			children = (
				DADC832322C1DF6B006F9284 /* RockPaperScissors */,
				DADC833822C1DF6D006F9284 /* RockPaperScissorsTests */,
				DADC834322C1DF6D006F9284 /* RockPaperScissorsUITests */,
				DADC832222C1DF6B006F9284 /* Products */,
			);
			sourceTree = "<group>";
		};
		DADC832222C1DF6B006F9284 /* Products */ = {
			isa = PBXGroup;
			children = (
				DADC832122C1DF6B006F9284 /* RockPaperScissors.app */,
				DADC833522C1DF6D006F9284 /* RockPaperScissorsTests.xctest */,
				DADC834022C1DF6D006F9284 /* RockPaperScissorsUITests.xctest */,
			);
			name = Products;
			sourceTree = "<group>";
		};
		DADC832322C1DF6B006F9284 /* RockPaperScissors */ = {
			isa = PBXGroup;
			children = (
				DADC832422C1DF6B006F9284 /* AppDelegate.swift */,
				DADC832622C1DF6B006F9284 /* ViewController.swift */,
				DADC832822C1DF6C006F9284 /* Main.storyboard */,
				DADC832B22C1DF6C006F9284 /* Assets.xcassets */,
				DADC832D22C1DF6C006F9284 /* LaunchScreen.storyboard */,
				DADC833022C1DF6C006F9284 /* Info.plist */,
			);
			path = RockPaperScissors;
			sourceTree = "<group>";
		};
		DADC833822C1DF6D006F9284 /* RockPaperScissorsTests */ = {
			isa = PBXGroup;
			children = (
				DADC833922C1DF6D006F9284 /* RockPaperScissorsTests.swift */,
				DADC833B22C1DF6D006F9284 /* Info.plist */,
			);
			path = RockPaperScissorsTests;
			sourceTree = "<group>";
		};
		DADC834322C1DF6D006F9284 /* RockPaperScissorsUITests */ = {
			isa = PBXGroup;
			children = (
				DADC834422C1DF6D006F9284 /* RockPaperScissorsUITests.swift */,
				DADC834622C1DF6D006F9284 /* Info.plist */,
			);
			path = RockPaperScissorsUITests;
			sourceTree = "<group>";
		};
/* End PBXGroup section */

/* Begin PBXNativeTarget section */
		DADC832022C1DF6B006F9284 /* RockPaperScissors */ = {
			isa = PBXNativeTarget;
			buildConfigurationList = DADC834922C1DF6D006F9284 /* Build configuration list for PBXNativeTarget "RockPaperScissors" */;
			buildPhases = (
				DADC831D22C1DF6B006F9284 /* Sources */,
				DADC831E22C1DF6B006F9284 /* Frameworks */,
				DADC831F22C1DF6B006F9284 /* Resources */,
			);
			buildRules = (
			);
			dependencies = (
			);
			name = RockPaperScissors;
			productName = RockPaperScissors;
			productReference = DADC832122C1DF6B006F9284 /* RockPaperScissors.app */;
			productType = "com.apple.product-type.application";
		};
		DADC833422C1DF6D006F9284 /* RockPaperScissorsTests */ = {
			isa = PBXNativeTarget;
			buildConfigurationList = DADC834C22C1DF6D006F9284 /* Build configuration list for PBXNativeTarget "RockPaperScissorsTests" */;
			buildPhases = (
				DADC833122C1DF6D006F9284 /* Sources */,
				DADC833222C1DF6D006F9284 /* Frameworks */,
				DADC833322C1DF6D006F9284 /* Resources */,
			);
			buildRules = (
			);
			dependencies = (
				DADC833722C1DF6D006F9284 /* PBXTargetDependency */,
			);
			name = RockPaperScissorsTests;
			productName = RockPaperScissorsTests;
			productReference = DADC833522C1DF6D006F9284 /* RockPaperScissorsTests.xctest */;
			productType = "com.apple.product-type.bundle.unit-test";
		};
		DADC833F22C1DF6D006F9284 /* RockPaperScissorsUITests */ = {
			isa = PBXNativeTarget;
			buildConfigurationList = DADC834F22C1DF6D006F9284 /* Build configuration list for PBXNativeTarget "RockPaperScissorsUITests" */;
			buildPhases = (
				DADC833C22C1DF6D006F9284 /* Sources */,
				DADC833D22C1DF6D006F9284 /* Frameworks */,
				DADC833E22C1DF6D006F9284 /* Resources */,
			);
			buildRules = (
			);
			dependencies = (
				DADC834222C1DF6D006F9284 /* PBXTargetDependency */,
			);
			name = RockPaperScissorsUITests;
			productName = RockPaperScissorsUITests;
			productReference = DADC834022C1DF6D006F9284 /* RockPaperScissorsUITests.xctest */;
			productType = "com.apple.product-type.bundle.ui-testing";
		};
/* End PBXNativeTarget section */

/* Begin PBXProject section */
		DADC831922C1DF6B006F9284 /* Project object */ = {
			isa = PBXProject;
			attributes = {
				LastSwiftUpdateCheck = 1020;
				LastUpgradeCheck = 1020;
				ORGANIZATIONNAME = "Itou Shingo";
				TargetAttributes = {
					DADC832022C1DF6B006F9284 = {
						CreatedOnToolsVersion = 10.2.1;
					};
					DADC833422C1DF6D006F9284 = {
						CreatedOnToolsVersion = 10.2.1;
						TestTargetID = DADC832022C1DF6B006F9284;
					};
					DADC833F22C1DF6D006F9284 = {
						CreatedOnToolsVersion = 10.2.1;
						TestTargetID = DADC832022C1DF6B006F9284;
					};
				};
			};
			buildConfigurationList = DADC831C22C1DF6B006F9284 /* Build configuration list for PBXProject "RockPaperScissors" */;
			compatibilityVersion = "Xcode 9.3";
			developmentRegion = en;
			hasScannedForEncodings = 0;
			knownRegions = (
				en,
				Base,
			);
			mainGroup = DADC831822C1DF6B006F9284;
			productRefGroup = DADC832222C1DF6B006F9284 /* Products */;
			projectDirPath = "";
			projectRoot = "";
			targets = (
				DADC832022C1DF6B006F9284 /* RockPaperScissors */,
				DADC833422C1DF6D006F9284 /* RockPaperScissorsTests */,
				DADC833F22C1DF6D006F9284 /* RockPaperScissorsUITests */,
			);
		};
/* End PBXProject section */

/* Begin PBXResourcesBuildPhase section */
		DADC831F22C1DF6B006F9284 /* Resources */ = {
			isa = PBXResourcesBuildPhase;
			buildActionMask = 2147483647;
			files = (
				DADC832F22C1DF6C006F9284 /* LaunchScreen.storyboard in Resources */,
				DADC832C22C1DF6C006F9284 /* Assets.xcassets in Resources */,
				DADC832A22C1DF6C006F9284 /* Main.storyboard in Resources */,
			);
			runOnlyForDeploymentPostprocessing = 0;
		};
		DADC833322C1DF6D006F9284 /* Resources */ = {
			isa = PBXResourcesBuildPhase;
			buildActionMask = 2147483647;
			files = (
			);
			runOnlyForDeploymentPostprocessing = 0;
		};
		DADC833E22C1DF6D006F9284 /* Resources */ = {
			isa = PBXResourcesBuildPhase;
			buildActionMask = 2147483647;
			files = (
			);
			runOnlyForDeploymentPostprocessing = 0;
		};
/* End PBXResourcesBuildPhase section */

/* Begin PBXSourcesBuildPhase section */
		DADC831D22C1DF6B006F9284 /* Sources */ = {
			isa = PBXSourcesBuildPhase;
			buildActionMask = 2147483647;
			files = (
				DADC832722C1DF6B006F9284 /* ViewController.swift in Sources */,
				DADC832522C1DF6B006F9284 /* AppDelegate.swift in Sources */,
			);
			runOnlyForDeploymentPostprocessing = 0;
		};
		DADC833122C1DF6D006F9284 /* Sources */ = {
			isa = PBXSourcesBuildPhase;
			buildActionMask = 2147483647;
			files = (
				DADC833A22C1DF6D006F9284 /* RockPaperScissorsTests.swift in Sources */,
			);
			runOnlyForDeploymentPostprocessing = 0;
		};
		DADC833C22C1DF6D006F9284 /* Sources */ = {
			isa = PBXSourcesBuildPhase;
			buildActionMask = 2147483647;
			files = (
				DADC834522C1DF6D006F9284 /* RockPaperScissorsUITests.swift in Sources */,
			);
			runOnlyForDeploymentPostprocessing = 0;
		};
/* End PBXSourcesBuildPhase section */

/* Begin PBXTargetDependency section */
		DADC833722C1DF6D006F9284 /* PBXTargetDependency */ = {
			isa = PBXTargetDependency;
			target = DADC832022C1DF6B006F9284 /* RockPaperScissors */;
			targetProxy = DADC833622C1DF6D006F9284 /* PBXContainerItemProxy */;
		};
		DADC834222C1DF6D006F9284 /* PBXTargetDependency */ = {
			isa = PBXTargetDependency;
			target = DADC832022C1DF6B006F9284 /* RockPaperScissors */;
			targetProxy = DADC834122C1DF6D006F9284 /* PBXContainerItemProxy */;
		};
/* End PBXTargetDependency section */

/* Begin PBXVariantGroup section */
		DADC832822C1DF6C006F9284 /* Main.storyboard */ = {
			isa = PBXVariantGroup;
			children = (
				DADC832922C1DF6C006F9284 /* Base */,
			);
			name = Main.storyboard;
			sourceTree = "<group>";
		};
		DADC832D22C1DF6C006F9284 /* LaunchScreen.storyboard */ = {
			isa = PBXVariantGroup;
			children = (
				DADC832E22C1DF6C006F9284 /* Base */,
			);
			name = LaunchScreen.storyboard;
			sourceTree = "<group>";
		};
/* End PBXVariantGroup section */

/* Begin XCBuildConfiguration section */
		DADC834722C1DF6D006F9284 /* Debug */ = {
			isa = XCBuildConfiguration;
			buildSettings = {
				ALWAYS_SEARCH_USER_PATHS = NO;
				CLANG_ANALYZER_NONNULL = YES;
				CLANG_ANALYZER_NUMBER_OBJECT_CONVERSION = YES_AGGRESSIVE;
				CLANG_CXX_LANGUAGE_STANDARD = "gnu++14";
				CLANG_CXX_LIBRARY = "libc++";
				CLANG_ENABLE_MODULES = YES;
				CLANG_ENABLE_OBJC_ARC = YES;
				CLANG_ENABLE_OBJC_WEAK = YES;
				CLANG_WARN_BLOCK_CAPTURE_AUTORELEASING = YES;
				CLANG_WARN_BOOL_CONVERSION = YES;
				CLANG_WARN_COMMA = YES;
				CLANG_WARN_CONSTANT_CONVERSION = YES;
				CLANG_WARN_DEPRECATED_OBJC_IMPLEMENTATIONS = YES;
				CLANG_WARN_DIRECT_OBJC_ISA_USAGE = YES_ERROR;
				CLANG_WARN_DOCUMENTATION_COMMENTS = YES;
				CLANG_WARN_EMPTY_BODY = YES;
				CLANG_WARN_ENUM_CONVERSION = YES;
				CLANG_WARN_INFINITE_RECURSION = YES;
				CLANG_WARN_INT_CONVERSION = YES;
				CLANG_WARN_NON_LITERAL_NULL_CONVERSION = YES;
				CLANG_WARN_OBJC_IMPLICIT_RETAIN_SELF = YES;
				CLANG_WARN_OBJC_LITERAL_CONVERSION = YES;
				CLANG_WARN_OBJC_ROOT_CLASS = YES_ERROR;
				CLANG_WARN_RANGE_LOOP_ANALYSIS = YES;
				CLANG_WARN_STRICT_PROTOTYPES = YES;
				CLANG_WARN_SUSPICIOUS_MOVE = YES;
				CLANG_WARN_UNGUARDED_AVAILABILITY = YES_AGGRESSIVE;
				CLANG_WARN_UNREACHABLE_CODE = YES;
				CLANG_WARN__DUPLICATE_METHOD_MATCH = YES;
				CODE_SIGN_IDENTITY = "iPhone Developer";
				COPY_PHASE_STRIP = NO;
				DEBUG_INFORMATION_FORMAT = dwarf;
				ENABLE_STRICT_OBJC_MSGSEND = YES;
				ENABLE_TESTABILITY = YES;
				GCC_C_LANGUAGE_STANDARD = gnu11;
				GCC_DYNAMIC_NO_PIC = NO;
				GCC_NO_COMMON_BLOCKS = YES;
				GCC_OPTIMIZATION_LEVEL = 0;
				GCC_PREPROCESSOR_DEFINITIONS = (
					"DEBUG=1",
					"$(inherited)",
				);
				GCC_WARN_64_TO_32_BIT_CONVERSION = YES;
				GCC_WARN_ABOUT_RETURN_TYPE = YES_ERROR;
				GCC_WARN_UNDECLARED_SELECTOR = YES;
				GCC_WARN_UNINITIALIZED_AUTOS = YES_AGGRESSIVE;
				GCC_WARN_UNUSED_FUNCTION = YES;
				GCC_WARN_UNUSED_VARIABLE = YES;
				IPHONEOS_DEPLOYMENT_TARGET = 12.2;
				MTL_ENABLE_DEBUG_INFO = INCLUDE_SOURCE;
				MTL_FAST_MATH = YES;
				ONLY_ACTIVE_ARCH = YES;
				SDKROOT = iphoneos;
				SWIFT_ACTIVE_COMPILATION_CONDITIONS = DEBUG;
				SWIFT_OPTIMIZATION_LEVEL = "-Onone";
			};
			name = Debug;
		};
		DADC834822C1DF6D006F9284 /* Release */ = {
			isa = XCBuildConfiguration;
			buildSettings = {
				ALWAYS_SEARCH_USER_PATHS = NO;
				CLANG_ANALYZER_NONNULL = YES;
				CLANG_ANALYZER_NUMBER_OBJECT_CONVERSION = YES_AGGRESSIVE;
				CLANG_CXX_LANGUAGE_STANDARD = "gnu++14";
				CLANG_CXX_LIBRARY = "libc++";
				CLANG_ENABLE_MODULES = YES;
				CLANG_ENABLE_OBJC_ARC = YES;
				CLANG_ENABLE_OBJC_WEAK = YES;
				CLANG_WARN_BLOCK_CAPTURE_AUTORELEASING = YES;
				CLANG_WARN_BOOL_CONVERSION = YES;
				CLANG_WARN_COMMA = YES;
				CLANG_WARN_CONSTANT_CONVERSION = YES;
				CLANG_WARN_DEPRECATED_OBJC_IMPLEMENTATIONS = YES;
				CLANG_WARN_DIRECT_OBJC_ISA_USAGE = YES_ERROR;
				CLANG_WARN_DOCUMENTATION_COMMENTS = YES;
				CLANG_WARN_EMPTY_BODY = YES;
				CLANG_WARN_ENUM_CONVERSION = YES;
				CLANG_WARN_INFINITE_RECURSION = YES;
				CLANG_WARN_INT_CONVERSION = YES;
				CLANG_WARN_NON_LITERAL_NULL_CONVERSION = YES;
				CLANG_WARN_OBJC_IMPLICIT_RETAIN_SELF = YES;
				CLANG_WARN_OBJC_LITERAL_CONVERSION = YES;
				CLANG_WARN_OBJC_ROOT_CLASS = YES_ERROR;
				CLANG_WARN_RANGE_LOOP_ANALYSIS = YES;
				CLANG_WARN_STRICT_PROTOTYPES = YES;
				CLANG_WARN_SUSPICIOUS_MOVE = YES;
				CLANG_WARN_UNGUARDED_AVAILABILITY = YES_AGGRESSIVE;
				CLANG_WARN_UNREACHABLE_CODE = YES;
				CLANG_WARN__DUPLICATE_METHOD_MATCH = YES;
				CODE_SIGN_IDENTITY = "iPhone Developer";
				COPY_PHASE_STRIP = NO;
				DEBUG_INFORMATION_FORMAT = "dwarf-with-dsym";
				ENABLE_NS_ASSERTIONS = NO;
				ENABLE_STRICT_OBJC_MSGSEND = YES;
				GCC_C_LANGUAGE_STANDARD = gnu11;
				GCC_NO_COMMON_BLOCKS = YES;
				GCC_WARN_64_TO_32_BIT_CONVERSION = YES;
				GCC_WARN_ABOUT_RETURN_TYPE = YES_ERROR;
				GCC_WARN_UNDECLARED_SELECTOR = YES;
				GCC_WARN_UNINITIALIZED_AUTOS = YES_AGGRESSIVE;
				GCC_WARN_UNUSED_FUNCTION = YES;
				GCC_WARN_UNUSED_VARIABLE = YES;
				IPHONEOS_DEPLOYMENT_TARGET = 12.2;
				MTL_ENABLE_DEBUG_INFO = NO;
				MTL_FAST_MATH = YES;
				SDKROOT = iphoneos;
				SWIFT_COMPILATION_MODE = wholemodule;
				SWIFT_OPTIMIZATION_LEVEL = "-O";
				VALIDATE_PRODUCT = YES;
			};
			name = Release;
		};
		DADC834A22C1DF6D006F9284 /* Debug */ = {
			isa = XCBuildConfiguration;
			buildSettings = {
				ASSETCATALOG_COMPILER_APPICON_NAME = AppIcon;
				CODE_SIGN_STYLE = Automatic;
				DEVELOPMENT_TEAM = CR7H7DSK77;
				INFOPLIST_FILE = RockPaperScissors/Info.plist;
				LD_RUNPATH_SEARCH_PATHS = (
					"$(inherited)",
					"@executable_path/Frameworks",
				);
				PRODUCT_BUNDLE_IDENTIFIER = com.RockPaperScissors;
				PRODUCT_NAME = "$(TARGET_NAME)";
				SWIFT_VERSION = 5.0;
				TARGETED_DEVICE_FAMILY = "1,2";
			};
			name = Debug;
		};
		DADC834B22C1DF6D006F9284 /* Release */ = {
			isa = XCBuildConfiguration;
			buildSettings = {
				ASSETCATALOG_COMPILER_APPICON_NAME = AppIcon;
				CODE_SIGN_STYLE = Automatic;
				DEVELOPMENT_TEAM = CR7H7DSK77;
				INFOPLIST_FILE = RockPaperScissors/Info.plist;
				LD_RUNPATH_SEARCH_PATHS = (
					"$(inherited)",
					"@executable_path/Frameworks",
				);
				PRODUCT_BUNDLE_IDENTIFIER = com.RockPaperScissors;
				PRODUCT_NAME = "$(TARGET_NAME)";
				SWIFT_VERSION = 5.0;
				TARGETED_DEVICE_FAMILY = "1,2";
			};
			name = Release;
		};
		DADC834D22C1DF6D006F9284 /* Debug */ = {
			isa = XCBuildConfiguration;
			buildSettings = {
				ALWAYS_EMBED_SWIFT_STANDARD_LIBRARIES = YES;
				BUNDLE_LOADER = "$(TEST_HOST)";
				CODE_SIGN_STYLE = Automatic;
				DEVELOPMENT_TEAM = CR7H7DSK77;
				INFOPLIST_FILE = RockPaperScissorsTests/Info.plist;
				LD_RUNPATH_SEARCH_PATHS = (
					"$(inherited)",
					"@executable_path/Frameworks",
					"@loader_path/Frameworks",
				);
				PRODUCT_BUNDLE_IDENTIFIER = com.RockPaperScissorsTests;
				PRODUCT_NAME = "$(TARGET_NAME)";
				SWIFT_VERSION = 5.0;
				TARGETED_DEVICE_FAMILY = "1,2";
				TEST_HOST = "$(BUILT_PRODUCTS_DIR)/RockPaperScissors.app/RockPaperScissors";
			};
			name = Debug;
		};
		DADC834E22C1DF6D006F9284 /* Release */ = {
			isa = XCBuildConfiguration;
			buildSettings = {
				ALWAYS_EMBED_SWIFT_STANDARD_LIBRARIES = YES;
				BUNDLE_LOADER = "$(TEST_HOST)";
				CODE_SIGN_STYLE = Automatic;
				DEVELOPMENT_TEAM = CR7H7DSK77;
				INFOPLIST_FILE = RockPaperScissorsTests/Info.plist;
				LD_RUNPATH_SEARCH_PATHS = (
					"$(inherited)",
					"@executable_path/Frameworks",
					"@loader_path/Frameworks",
				);
				PRODUCT_BUNDLE_IDENTIFIER = com.RockPaperScissorsTests;
				PRODUCT_NAME = "$(TARGET_NAME)";
				SWIFT_VERSION = 5.0;
				TARGETED_DEVICE_FAMILY = "1,2";
				TEST_HOST = "$(BUILT_PRODUCTS_DIR)/RockPaperScissors.app/RockPaperScissors";
			};
			name = Release;
		};
		DADC835022C1DF6D006F9284 /* Debug */ = {
			isa = XCBuildConfiguration;
			buildSettings = {
				ALWAYS_EMBED_SWIFT_STANDARD_LIBRARIES = YES;
				CODE_SIGN_STYLE = Automatic;
				DEVELOPMENT_TEAM = CR7H7DSK77;
				INFOPLIST_FILE = RockPaperScissorsUITests/Info.plist;
				LD_RUNPATH_SEARCH_PATHS = (
					"$(inherited)",
					"@executable_path/Frameworks",
					"@loader_path/Frameworks",
				);
				PRODUCT_BUNDLE_IDENTIFIER = com.RockPaperScissorsUITests;
				PRODUCT_NAME = "$(TARGET_NAME)";
				SWIFT_VERSION = 5.0;
				TARGETED_DEVICE_FAMILY = "1,2";
				TEST_TARGET_NAME = RockPaperScissors;
			};
			name = Debug;
		};
		DADC835122C1DF6D006F9284 /* Release */ = {
			isa = XCBuildConfiguration;
			buildSettings = {
				ALWAYS_EMBED_SWIFT_STANDARD_LIBRARIES = YES;
				CODE_SIGN_STYLE = Automatic;
				DEVELOPMENT_TEAM = CR7H7DSK77;
				INFOPLIST_FILE = RockPaperScissorsUITests/Info.plist;
				LD_RUNPATH_SEARCH_PATHS = (
					"$(inherited)",
					"@executable_path/Frameworks",
					"@loader_path/Frameworks",
				);
				PRODUCT_BUNDLE_IDENTIFIER = com.RockPaperScissorsUITests;
				PRODUCT_NAME = "$(TARGET_NAME)";
				SWIFT_VERSION = 5.0;
				TARGETED_DEVICE_FAMILY = "1,2";
				TEST_TARGET_NAME = RockPaperScissors;
			};
			name = Release;
		};
/* End XCBuildConfiguration section */

/* Begin XCConfigurationList section */
		DADC831C22C1DF6B006F9284 /* Build configuration list for PBXProject "RockPaperScissors" */ = {
			isa = XCConfigurationList;
			buildConfigurations = (
				DADC834722C1DF6D006F9284 /* Debug */,
				DADC834822C1DF6D006F9284 /* Release */,
			);
			defaultConfigurationIsVisible = 0;
			defaultConfigurationName = Release;
		};
		DADC834922C1DF6D006F9284 /* Build configuration list for PBXNativeTarget "RockPaperScissors" */ = {
			isa = XCConfigurationList;
			buildConfigurations = (
				DADC834A22C1DF6D006F9284 /* Debug */,
				DADC834B22C1DF6D006F9284 /* Release */,
			);
			defaultConfigurationIsVisible = 0;
			defaultConfigurationName = Release;
		};
		DADC834C22C1DF6D006F9284 /* Build configuration list for PBXNativeTarget "RockPaperScissorsTests" */ = {
			isa = XCConfigurationList;
			buildConfigurations = (
				DADC834D22C1DF6D006F9284 /* Debug */,
				DADC834E22C1DF6D006F9284 /* Release */,
			);
			defaultConfigurationIsVisible = 0;
			defaultConfigurationName = Release;
		};
		DADC834F22C1DF6D006F9284 /* Build configuration list for PBXNativeTarget "RockPaperScissorsUITests" */ = {
			isa = XCConfigurationList;
			buildConfigurations = (
				DADC835022C1DF6D006F9284 /* Debug */,
				DADC835122C1DF6D006F9284 /* Release */,
			);
			defaultConfigurationIsVisible = 0;
			defaultConfigurationName = Release;
		};
/* End XCConfigurationList section */
	};
	rootObject = DADC831922C1DF6B006F9284 /* Project object */;
}
